
Microsoft Visual Studio Solution File, Format Version 12.00
# Visual Studio Version 17
VisualStudioVersion = 17.4.33403.182
MinimumVisualStudioVersion = 10.0.40219.1
Project("{9A19103F-16F7-4668-BE54-9A1E7A4F7556}") = "OnlineBanking", "OnlineBanking\OnlineBanking.csproj", "{C9DFB4A8-332D-4EC7-82DD-6C8ADC66D3E6}"
EndProject
Global
	GlobalSection(SolutionConfigurationPlatforms) = preSolution
		Debug|Any CPU = Debug|Any CPU
		Release|Any CPU = Release|Any CPU
	EndGlobalSection
	GlobalSection(ProjectConfigurationPlatforms) = postSolution
		{C9DFB4A8-332D-4EC7-82DD-6C8ADC66D3E6}.Debug|Any CPU.ActiveCfg = Debug|Any CPU
		{C9DFB4A8-332D-4EC7-82DD-6C8ADC66D3E6}.Debug|Any CPU.Build.0 = Debug|Any CPU
		{C9DFB4A8-332D-4EC7-82DD-6C8ADC66D3E6}.Release|Any CPU.ActiveCfg = Release|Any CPU
		{C9DFB4A8-332D-4EC7-82DD-6C8ADC66D3E6}.Release|Any CPU.Build.0 = Release|Any CPU
	EndGlobalSection
	GlobalSection(SolutionProperties) = preSolution
		HideSolutionNode = FALSE
	EndGlobalSection
	GlobalSection(ExtensibilityGlobals) = postSolution
		SolutionGuid = {C69626E7-E589-408D-80A1-9EDDD4D1C821}
	EndGlobalSection
EndGlobal
